
Microsoft Visual Studio Solution File, Format Version 12.00
# Visual Studio 15
VisualStudioVersion = 15.0.28307.572
MinimumVisualStudioVersion = 10.0.40219.1
Project("{9A19103F-16F7-4668-BE54-9A1E7A4F7556}") = "Models", "Models\Models.csproj", "{BC5E36F4-3369-45D3-B5CC-EFB2DDE3CE09}"
EndProject
Project("{9A19103F-16F7-4668-BE54-9A1E7A4F7556}") = "DataAccess", "DataAccess\DataAccess.csproj", "{A302066C-82F7-4585-A708-5D5C06DDE5AF}"
EndProject
Project("{9A19103F-16F7-4668-BE54-9A1E7A4F7556}") = "AutoServicesWebSite", "AutoServicesWebSite\AutoServicesWebSite.csproj", "{FA86DD9F-0284-4D54-9AB3-DE6E3FFA094D}"
EndProject
Global
	GlobalSection(SolutionConfigurationPlatforms) = preSolution
		Debug|Any CPU = Debug|Any CPU
		Release|Any CPU = Release|Any CPU
	EndGlobalSection
	GlobalSection(ProjectConfigurationPlatforms) = postSolution
		{BC5E36F4-3369-45D3-B5CC-EFB2DDE3CE09}.Debug|Any CPU.ActiveCfg = Debug|Any CPU
		{BC5E36F4-3369-45D3-B5CC-EFB2DDE3CE09}.Debug|Any CPU.Build.0 = Debug|Any CPU
		{BC5E36F4-3369-45D3-B5CC-EFB2DDE3CE09}.Release|Any CPU.ActiveCfg = Release|Any CPU
		{BC5E36F4-3369-45D3-B5CC-EFB2DDE3CE09}.Release|Any CPU.Build.0 = Release|Any CPU
		{A302066C-82F7-4585-A708-5D5C06DDE5AF}.Debug|Any CPU.ActiveCfg = Debug|Any CPU
		{A302066C-82F7-4585-A708-5D5C06DDE5AF}.Debug|Any CPU.Build.0 = Debug|Any CPU
		{A302066C-82F7-4585-A708-5D5C06DDE5AF}.Release|Any CPU.ActiveCfg = Release|Any CPU
		{A302066C-82F7-4585-A708-5D5C06DDE5AF}.Release|Any CPU.Build.0 = Release|Any CPU
		{FA86DD9F-0284-4D54-9AB3-DE6E3FFA094D}.Debug|Any CPU.ActiveCfg = Debug|Any CPU
		{FA86DD9F-0284-4D54-9AB3-DE6E3FFA094D}.Debug|Any CPU.Build.0 = Debug|Any CPU
		{FA86DD9F-0284-4D54-9AB3-DE6E3FFA094D}.Release|Any CPU.ActiveCfg = Release|Any CPU
		{FA86DD9F-0284-4D54-9AB3-DE6E3FFA094D}.Release|Any CPU.Build.0 = Release|Any CPU
	EndGlobalSection
	GlobalSection(SolutionProperties) = preSolution
		HideSolutionNode = FALSE
	EndGlobalSection
	GlobalSection(ExtensibilityGlobals) = postSolution
		SolutionGuid = {9601E909-BD89-4D0F-93D9-D4F886A062C1}
	EndGlobalSection
EndGlobal
